{
  "name": "wallurl",
  "version": "1.0.0",
  "lockfileVersion": 1,
  "requires": true,
  "dependencies": {
    "chainfetch": {
      "version": "1.2.0",
      "resolved": "https://registry.npmjs.org/chainfetch/-/chainfetch-1.2.0.tgz",
      "integrity": "sha512-cALMo/W7G63iiliY/Rh/2CZE7fnbKAhedF2AMKwFZJhnFmh1j+BeeLNgtlz7K5F23ApHeY2I0TyteoRF8PU8Dg==",
      "requires": {
        "node-fetch": "^2.2.0"
      }
    },
    "node-fetch": {
      "version": "2.3.0",
      "resolved": "https://registry.npmjs.org/node-fetch/-/node-fetch-2.3.0.tgz",
      "integrity": "sha512-MOd8pV3fxENbryESLgVIeaGKrdl+uaYhCSSVkjeOb/31/njTpcis5aWfdqgNlHIrKOLRbMnfPINPOML2CIFeXA=="
    },
    "os-tmpdir": {
      "version": "1.0.2",
      "resolved": "http://registry.npmjs.org/os-tmpdir/-/os-tmpdir-1.0.2.tgz",
      "integrity": "sha1-u+Z0BseaqFxc/sdm/lc0VV36EnQ="
    },
    "tmp": {
      "version": "0.0.33",
      "resolved": "https://registry.npmjs.org/tmp/-/tmp-0.0.33.tgz",
      "integrity": "sha512-jRCJlojKnZ3addtTOjdIqoRuPEKBvNXcGYqzO6zWZX8KfKEpnGY5jfggJQ3EjKuu8D4bJRr0y+cYJFmYbImXGw==",
      "requires": {
        "os-tmpdir": "~1.0.2"
      }
    },
    "wallpaper": {
      "version": "4.1.0",
      "resolved": "https://registry.npmjs.org/wallpaper/-/wallpaper-4.1.0.tgz",
      "integrity": "sha512-wCgKRoRMXlNHzr0TPGAjcPqmh3yWBOK6AmWWqW9ufZ6x6Ntjj7j+iAhpNtfF8gXNCfppDi3r1KIt5a5ZvWA/CA=="
    }
  }
}
